
Microsoft Visual Studio Solution File, Format Version 12.00
# Visual Studio 15
VisualStudioVersion = 15.0.27703.2042
MinimumVisualStudioVersion = 10.0.40219.1
Project("{FAE04EC0-301F-11D3-BF4B-00C04F79EFBC}") = "Abstraction", "Abstraction\Abstraction.csproj", "{0B0BC821-0A48-4830-92D5-D79F9E9E9DCB}"
EndProject
Project("{FAE04EC0-301F-11D3-BF4B-00C04F79EFBC}") = "AbstractionTests", "AbstractionTests\AbstractionTests.csproj", "{5365540F-D4A6-48DA-BD05-3898295CD448}"
EndProject
Global
	GlobalSection(SolutionConfigurationPlatforms) = preSolution
		Debug|Any CPU = Debug|Any CPU
		Release|Any CPU = Release|Any CPU
	EndGlobalSection
	GlobalSection(ProjectConfigurationPlatforms) = postSolution
		{0B0BC821-0A48-4830-92D5-D79F9E9E9DCB}.Debug|Any CPU.ActiveCfg = Debug|Any CPU
		{0B0BC821-0A48-4830-92D5-D79F9E9E9DCB}.Debug|Any CPU.Build.0 = Debug|Any CPU
		{0B0BC821-0A48-4830-92D5-D79F9E9E9DCB}.Release|Any CPU.ActiveCfg = Release|Any CPU
		{0B0BC821-0A48-4830-92D5-D79F9E9E9DCB}.Release|Any CPU.Build.0 = Release|Any CPU
		{5365540F-D4A6-48DA-BD05-3898295CD448}.Debug|Any CPU.ActiveCfg = Debug|Any CPU
		{5365540F-D4A6-48DA-BD05-3898295CD448}.Debug|Any CPU.Build.0 = Debug|Any CPU
		{5365540F-D4A6-48DA-BD05-3898295CD448}.Release|Any CPU.ActiveCfg = Release|Any CPU
		{5365540F-D4A6-48DA-BD05-3898295CD448}.Release|Any CPU.Build.0 = Release|Any CPU
	EndGlobalSection
	GlobalSection(SolutionProperties) = preSolution
		HideSolutionNode = FALSE
	EndGlobalSection
	GlobalSection(ExtensibilityGlobals) = postSolution
		SolutionGuid = {CAB8FB4D-E3DF-46EB-B315-C190DAFFE215}
	EndGlobalSection
EndGlobal
